// !$*UTF8*$!
{
	archiveVersion = 1;
	classes = {
	};
	objectVersion = 46;
	objects = {

/* Begin PBXBuildFile section */
		4B62171C16B18C90008F41CA /* UIKit.framework in Frameworks */ = {isa = PBXBuildFile; fileRef = 4B62171B16B18C90008F41CA /* UIKit.framework */; };
		4B62171E16B18C90008F41CA /* Foundation.framework in Frameworks */ = {isa = PBXBuildFile; fileRef = 4B62171D16B18C90008F41CA /* Foundation.framework */; };
		4B62172016B18C90008F41CA /* CoreGraphics.framework in Frameworks */ = {isa = PBXBuildFile; fileRef = 4B62171F16B18C90008F41CA /* CoreGraphics.framework */; };
		4B62172616B18C90008F41CA /* InfoPlist.strings in Resources */ = {isa = PBXBuildFile; fileRef = 4B62172416B18C90008F41CA /* InfoPlist.strings */; };
		4B62172816B18C90008F41CA /* main.m in Sources */ = {isa = PBXBuildFile; fileRef = 4B62172716B18C90008F41CA /* main.m */; };
		4B62172C16B18C90008F41CA /* AppDelegate.m in Sources */ = {isa = PBXBuildFile; fileRef = 4B62172B16B18C90008F41CA /* AppDelegate.m */; };
		4B62172F16B18C90008F41CA /* ViewController.m in Sources */ = {isa = PBXBuildFile; fileRef = 4B62172E16B18C90008F41CA /* ViewController.m */; };
		4B62173216B18C90008F41CA /* ViewController.xib in Resources */ = {isa = PBXBuildFile; fileRef = 4B62173016B18C90008F41CA /* ViewController.xib */; };
/* End PBXBuildFile section */

/* Begin PBXFileReference section */
		4B62171716B18C90008F41CA /* AsyncHttpDemo.app */ = {isa = PBXFileReference; explicitFileType = wrapper.application; includeInIndex = 0; path = AsyncHttpDemo.app; sourceTree = BUILT_PRODUCTS_DIR; };
		4B62171B16B18C90008F41CA /* UIKit.framework */ = {isa = PBXFileReference; lastKnownFileType = wrapper.framework; name = UIKit.framework; path = System/Library/Frameworks/UIKit.framework; sourceTree = SDKROOT; };
		4B62171D16B18C90008F41CA /* Foundation.framework */ = {isa = PBXFileReference; lastKnownFileType = wrapper.framework; name = Foundation.framework; path = System/Library/Frameworks/Foundation.framework; sourceTree = SDKROOT; };
		4B62171F16B18C90008F41CA /* CoreGraphics.framework */ = {isa = PBXFileReference; lastKnownFileType = wrapper.framework; name = CoreGraphics.framework; path = System/Library/Frameworks/CoreGraphics.framework; sourceTree = SDKROOT; };
		4B62172316B18C90008F41CA /* AsyncHttpDemo-Info.plist */ = {isa = PBXFileReference; lastKnownFileType = text.plist.xml; path = "AsyncHttpDemo-Info.plist"; sourceTree = "<group>"; };
		4B62172516B18C90008F41CA /* en */ = {isa = PBXFileReference; lastKnownFileType = text.plist.strings; name = en; path = en.lproj/InfoPlist.strings; sourceTree = "<group>"; };
		4B62172716B18C90008F41CA /* main.m */ = {isa = PBXFileReference; lastKnownFileType = sourcecode.c.objc; path = main.m; sourceTree = "<group>"; };
		4B62172916B18C90008F41CA /* AsyncHttpDemo-Prefix.pch */ = {isa = PBXFileReference; lastKnownFileType = sourcecode.c.h; path = "AsyncHttpDemo-Prefix.pch"; sourceTree = "<group>"; };
		4B62172A16B18C90008F41CA /* AppDelegate.h */ = {isa = PBXFileReference; lastKnownFileType = sourcecode.c.h; path = AppDelegate.h; sourceTree = "<group>"; };
		4B62172B16B18C90008F41CA /* AppDelegate.m */ = {isa = PBXFileReference; lastKnownFileType = sourcecode.c.objc; path = AppDelegate.m; sourceTree = "<group>"; };
		4B62172D16B18C90008F41CA /* ViewController.h */ = {isa = PBXFileReference; lastKnownFileType = sourcecode.c.h; path = ViewController.h; sourceTree = "<group>"; };
		4B62172E16B18C90008F41CA /* ViewController.m */ = {isa = PBXFileReference; lastKnownFileType = sourcecode.c.objc; path = ViewController.m; sourceTree = "<group>"; };
		4B62173116B18C90008F41CA /* en */ = {isa = PBXFileReference; lastKnownFileType = file.xib; name = en; path = en.lproj/ViewController.xib; sourceTree = "<group>"; };
/* End PBXFileReference section */

/* Begin PBXFrameworksBuildPhase section */
		4B62171416B18C90008F41CA /* Frameworks */ = {
			isa = PBXFrameworksBuildPhase;
			buildActionMask = 2147483647;
			files = (
				4B62171C16B18C90008F41CA /* UIKit.framework in Frameworks */,
				4B62171E16B18C90008F41CA /* Foundation.framework in Frameworks */,
				4B62172016B18C90008F41CA /* CoreGraphics.framework in Frameworks */,
			);
			runOnlyForDeploymentPostprocessing = 0;
		};
/* End PBXFrameworksBuildPhase section */

/* Begin PBXGroup section */
		4B62170C16B18C90008F41CA = {
			isa = PBXGroup;
			children = (
				4B62172116B18C90008F41CA /* AsyncHttpDemo */,
				4B62171A16B18C90008F41CA /* Frameworks */,
				4B62171816B18C90008F41CA /* Products */,
			);
			sourceTree = "<group>";
		};
		4B62171816B18C90008F41CA /* Products */ = {
			isa = PBXGroup;
			children = (
				4B62171716B18C90008F41CA /* AsyncHttpDemo.app */,
			);
			name = Products;
			sourceTree = "<group>";
		};
		4B62171A16B18C90008F41CA /* Frameworks */ = {
			isa = PBXGroup;
			children = (
				4B62171B16B18C90008F41CA /* UIKit.framework */,
				4B62171D16B18C90008F41CA /* Foundation.framework */,
				4B62171F16B18C90008F41CA /* CoreGraphics.framework */,
			);
			name = Frameworks;
			sourceTree = "<group>";
		};
		4B62172116B18C90008F41CA /* AsyncHttpDemo */ = {
			isa = PBXGroup;
			children = (
				4B62172A16B18C90008F41CA /* AppDelegate.h */,
				4B62172B16B18C90008F41CA /* AppDelegate.m */,
				4B62172D16B18C90008F41CA /* ViewController.h */,
				4B62172E16B18C90008F41CA /* ViewController.m */,
				4B62173016B18C90008F41CA /* ViewController.xib */,
				4B62172216B18C90008F41CA /* Supporting Files */,
			);
			path = AsyncHttpDemo;
			sourceTree = "<group>";
		};
		4B62172216B18C90008F41CA /* Supporting Files */ = {
			isa = PBXGroup;
			children = (
				4B62172316B18C90008F41CA /* AsyncHttpDemo-Info.plist */,
				4B62172416B18C90008F41CA /* InfoPlist.strings */,
				4B62172716B18C90008F41CA /* main.m */,
				4B62172916B18C90008F41CA /* AsyncHttpDemo-Prefix.pch */,
			);
			name = "Supporting Files";
			sourceTree = "<group>";
		};
/* End PBXGroup section */

/* Begin PBXNativeTarget section */
		4B62171616B18C90008F41CA /* AsyncHttpDemo */ = {
			isa = PBXNativeTarget;
			buildConfigurationList = 4B62173516B18C90008F41CA /* Build configuration list for PBXNativeTarget "AsyncHttpDemo" */;
			buildPhases = (
				4B62171316B18C90008F41CA /* Sources */,
				4B62171416B18C90008F41CA /* Frameworks */,
				4B62171516B18C90008F41CA /* Resources */,
			);
			buildRules = (
			);
			dependencies = (
			);
			name = AsyncHttpDemo;
			productName = AsyncHttpDemo;
			productReference = 4B62171716B18C90008F41CA /* AsyncHttpDemo.app */;
			productType = "com.apple.product-type.application";
		};
/* End PBXNativeTarget section */

/* Begin PBXProject section */
		4B62170E16B18C90008F41CA /* Project object */ = {
			isa = PBXProject;
			attributes = {
				LastUpgradeCheck = 0440;
				ORGANIZATIONNAME = Diaoser;
			};
			buildConfigurationList = 4B62171116B18C90008F41CA /* Build configuration list for PBXProject "AsyncHttpDemo" */;
			compatibilityVersion = "Xcode 3.2";
			developmentRegion = English;
			hasScannedForEncodings = 0;
			knownRegions = (
				en,
			);
			mainGroup = 4B62170C16B18C90008F41CA;
			productRefGroup = 4B62171816B18C90008F41CA /* Products */;
			projectDirPath = "";
			projectRoot = "";
			targets = (
				4B62171616B18C90008F41CA /* AsyncHttpDemo */,
			);
		};
/* End PBXProject section */

/* Begin PBXResourcesBuildPhase section */
		4B62171516B18C90008F41CA /* Resources */ = {
			isa = PBXResourcesBuildPhase;
			buildActionMask = 2147483647;
			files = (
				4B62172616B18C90008F41CA /* InfoPlist.strings in Resources */,
				4B62173216B18C90008F41CA /* ViewController.xib in Resources */,
			);
			runOnlyForDeploymentPostprocessing = 0;
		};
/* End PBXResourcesBuildPhase section */

/* Begin PBXSourcesBuildPhase section */
		4B62171316B18C90008F41CA /* Sources */ = {
			isa = PBXSourcesBuildPhase;
			buildActionMask = 2147483647;
			files = (
				4B62172816B18C90008F41CA /* main.m in Sources */,
				4B62172C16B18C90008F41CA /* AppDelegate.m in Sources */,
				4B62172F16B18C90008F41CA /* ViewController.m in Sources */,
			);
			runOnlyForDeploymentPostprocessing = 0;
		};
/* End PBXSourcesBuildPhase section */

/* Begin PBXVariantGroup section */
		4B62172416B18C90008F41CA /* InfoPlist.strings */ = {
			isa = PBXVariantGroup;
			children = (
				4B62172516B18C90008F41CA /* en */,
			);
			name = InfoPlist.strings;
			sourceTree = "<group>";
		};
		4B62173016B18C90008F41CA /* ViewController.xib */ = {
			isa = PBXVariantGroup;
			children = (
				4B62173116B18C90008F41CA /* en */,
			);
			name = ViewController.xib;
			sourceTree = "<group>";
		};
/* End PBXVariantGroup section */

/* Begin XCBuildConfiguration section */
		4B62173316B18C90008F41CA /* Debug */ = {
			isa = XCBuildConfiguration;
			buildSettings = {
				ALWAYS_SEARCH_USER_PATHS = NO;
				ARCHS = (
					"$(ARCHS_STANDARD_32_BIT)",
					armv6,
				);
				CLANG_CXX_LANGUAGE_STANDARD = "gnu++0x";
				CLANG_WARN__DUPLICATE_METHOD_MATCH = YES;
				"CODE_SIGN_IDENTITY[sdk=iphoneos*]" = "iPhone Developer";
				COPY_PHASE_STRIP = NO;
				GCC_C_LANGUAGE_STANDARD = gnu99;
				GCC_DYNAMIC_NO_PIC = NO;
				GCC_OPTIMIZATION_LEVEL = 0;
				GCC_PREPROCESSOR_DEFINITIONS = (
					"DEBUG=1",
					"$(inherited)",
				);
				GCC_SYMBOLS_PRIVATE_EXTERN = NO;
				GCC_VERSION = com.apple.compilers.llvm.clang.1_0;
				GCC_WARN_ABOUT_RETURN_TYPE = YES;
				GCC_WARN_UNINITIALIZED_AUTOS = YES;
				GCC_WARN_UNUSED_VARIABLE = YES;
				IPHONEOS_DEPLOYMENT_TARGET = 3.0;
				OTHER_LDFLAGS = "-weak-lSystem";
				SDKROOT = iphoneos;
			};
			name = Debug;
		};
		4B62173416B18C90008F41CA /* Release */ = {
			isa = XCBuildConfiguration;
			buildSettings = {
				ALWAYS_SEARCH_USER_PATHS = NO;
				ARCHS = (
					"$(ARCHS_STANDARD_32_BIT)",
					armv6,
				);
				CLANG_CXX_LANGUAGE_STANDARD = "gnu++0x";
				CLANG_WARN__DUPLICATE_METHOD_MATCH = YES;
				"CODE_SIGN_IDENTITY[sdk=iphoneos*]" = "iPhone Developer";
				COPY_PHASE_STRIP = YES;
				GCC_C_LANGUAGE_STANDARD = gnu99;
				GCC_VERSION = com.apple.compilers.llvm.clang.1_0;
				GCC_WARN_ABOUT_RETURN_TYPE = YES;
				GCC_WARN_UNINITIALIZED_AUTOS = YES;
				GCC_WARN_UNUSED_VARIABLE = YES;
				IPHONEOS_DEPLOYMENT_TARGET = 3.0;
				OTHER_CFLAGS = "-DNS_BLOCK_ASSERTIONS=1";
				OTHER_LDFLAGS = "-weak-lSystem";
				SDKROOT = iphoneos;
				VALIDATE_PRODUCT = YES;
			};
			name = Release;
		};
		4B62173616B18C90008F41CA /* Debug */ = {
			isa = XCBuildConfiguration;
			buildSettings = {
				GCC_PRECOMPILE_PREFIX_HEADER = YES;
				GCC_PREFIX_HEADER = "AsyncHttpDemo/AsyncHttpDemo-Prefix.pch";
				INFOPLIST_FILE = "AsyncHttpDemo/AsyncHttpDemo-Info.plist";
				IPHONEOS_DEPLOYMENT_TARGET = 3.0;
				PRODUCT_NAME = "$(TARGET_NAME)";
				TARGETED_DEVICE_FAMILY = "1,2";
				WRAPPER_EXTENSION = app;
			};
			name = Debug;
		};
		4B62173716B18C90008F41CA /* Release */ = {
			isa = XCBuildConfiguration;
			buildSettings = {
				GCC_PRECOMPILE_PREFIX_HEADER = YES;
				GCC_PREFIX_HEADER = "AsyncHttpDemo/AsyncHttpDemo-Prefix.pch";
				INFOPLIST_FILE = "AsyncHttpDemo/AsyncHttpDemo-Info.plist";
				IPHONEOS_DEPLOYMENT_TARGET = 3.0;
				PRODUCT_NAME = "$(TARGET_NAME)";
				TARGETED_DEVICE_FAMILY = "1,2";
				WRAPPER_EXTENSION = app;
			};
			name = Release;
		};
/* End XCBuildConfiguration section */

/* Begin XCConfigurationList section */
		4B62171116B18C90008F41CA /* Build configuration list for PBXProject "AsyncHttpDemo" */ = {
			isa = XCConfigurationList;
			buildConfigurations = (
				4B62173316B18C90008F41CA /* Debug */,
				4B62173416B18C90008F41CA /* Release */,
			);
			defaultConfigurationIsVisible = 0;
			defaultConfigurationName = Release;
		};
		4B62173516B18C90008F41CA /* Build configuration list for PBXNativeTarget "AsyncHttpDemo" */ = {
			isa = XCConfigurationList;
			buildConfigurations = (
				4B62173616B18C90008F41CA /* Debug */,
				4B62173716B18C90008F41CA /* Release */,
			);
			defaultConfigurationIsVisible = 0;
			defaultConfigurationName = Release;
		};
/* End XCConfigurationList section */
	};
	rootObject = 4B62170E16B18C90008F41CA /* Project object */;
}
